{
  "originHash" : "897f9503d0851545c18ac979a57c990c8717ea2ff3ddb3d6aae9f75e7a8e08c2",
  "pins" : [
    {
      "identity" : "initialsui",
      "kind" : "remoteSourceControl",
      "location" : "https://github.com/lovetodream/InitialsUI",
      "state" : {
        "branch" : "main",
        "revision" : "66d672f446730661ac13feaefb0039b2bab43591"
      }
    }
  ],
  "version" : 3
}
