// !$*UTF8*$!
{
	archiveVersion = 1;
	classes = {
	};
	objectVersion = 56;
	objects = {

/* Begin PBXBuildFile section */
		F91E77512C2C794100AF877B /* BagirataApp.swift in Sources */ = {isa = PBXBuildFile; fileRef = F91E77502C2C794100AF877B /* BagirataApp.swift */; };
		F91E77532C2C794100AF877B /* ContentView.swift in Sources */ = {isa = PBXBuildFile; fileRef = F91E77522C2C794100AF877B /* ContentView.swift */; };
		F91E77572C2C794300AF877B /* Assets.xcassets in Resources */ = {isa = PBXBuildFile; fileRef = F91E77562C2C794300AF877B /* Assets.xcassets */; };
		F91E775A2C2C794300AF877B /* Preview Assets.xcassets in Resources */ = {isa = PBXBuildFile; fileRef = F91E77592C2C794300AF877B /* Preview Assets.xcassets */; };
		F91E77622C2C7AF700AF877B /* Friend.swift in Sources */ = {isa = PBXBuildFile; fileRef = F91E77612C2C7AF700AF877B /* Friend.swift */; };
		F91E77672C2C897400AF877B /* InputText.swift in Sources */ = {isa = PBXBuildFile; fileRef = F91E77662C2C897400AF877B /* InputText.swift */; };
		F91E77692C2C8FA500AF877B /* FriendView.swift in Sources */ = {isa = PBXBuildFile; fileRef = F91E77682C2C8FA500AF877B /* FriendView.swift */; };
		F91E776B2C2C907000AF877B /* HistoryView.swift in Sources */ = {isa = PBXBuildFile; fileRef = F91E776A2C2C907000AF877B /* HistoryView.swift */; };
		F95BC2092C2F22B500A86CAE /* EditFriend.swift in Sources */ = {isa = PBXBuildFile; fileRef = F95BC2082C2F22B500A86CAE /* EditFriend.swift */; };
		F96A0A982C2EAEAD00A0EFA9 /* BagirataAvatarGroup.swift in Sources */ = {isa = PBXBuildFile; fileRef = F96A0A972C2EAEAD00A0EFA9 /* BagirataAvatarGroup.swift */; };
		F96A0A9B2C2F145800A0EFA9 /* AddFriend.swift in Sources */ = {isa = PBXBuildFile; fileRef = F96A0A9A2C2F145800A0EFA9 /* AddFriend.swift */; };
		F96A0A9D2C2F15FD00A0EFA9 /* Color.swift in Sources */ = {isa = PBXBuildFile; fileRef = F96A0A9C2C2F15FD00A0EFA9 /* Color.swift */; };
		F9705BEE2C2D7F5E0057D419 /* Formatter.swift in Sources */ = {isa = PBXBuildFile; fileRef = F9705BED2C2D7F5E0057D419 /* Formatter.swift */; };
		F9705BF02C2DBCBF0057D419 /* Scan.swift in Sources */ = {isa = PBXBuildFile; fileRef = F9705BEF2C2DBCBF0057D419 /* Scan.swift */; };
		F9705BF22C2DBDBC0057D419 /* ScannerView.swift in Sources */ = {isa = PBXBuildFile; fileRef = F9705BF12C2DBDBC0057D419 /* ScannerView.swift */; };
		F9705BF42C2DC0150057D419 /* TextRecognizer.swift in Sources */ = {isa = PBXBuildFile; fileRef = F9705BF32C2DC0150057D419 /* TextRecognizer.swift */; };
		F9705BF62C2E59420057D419 /* Split.swift in Sources */ = {isa = PBXBuildFile; fileRef = F9705BF52C2E59420057D419 /* Split.swift */; };
		F9705BF82C2E5C650057D419 /* ScanResultView.swift in Sources */ = {isa = PBXBuildFile; fileRef = F9705BF72C2E5C650057D419 /* ScanResultView.swift */; };
		F9BCDA8E2C2D0FD100EE1E40 /* InitialsUI in Frameworks */ = {isa = PBXBuildFile; productRef = F9BCDA8D2C2D0FD100EE1E40 /* InitialsUI */; };
		F9BCDA902C2D159400EE1E40 /* BagirataAvatar.swift in Sources */ = {isa = PBXBuildFile; fileRef = F9BCDA8F2C2D159400EE1E40 /* BagirataAvatar.swift */; };
		F9BCDA922C2D18D000EE1E40 /* ColorGen.swift in Sources */ = {isa = PBXBuildFile; fileRef = F9BCDA912C2D18D000EE1E40 /* ColorGen.swift */; };
		F9BCDA942C2D428C00EE1E40 /* BagiraTab.swift in Sources */ = {isa = PBXBuildFile; fileRef = F9BCDA932C2D428C00EE1E40 /* BagiraTab.swift */; };
		F9BCDA972C2D49D800EE1E40 /* BagiratabButton.swift in Sources */ = {isa = PBXBuildFile; fileRef = F9BCDA962C2D49D800EE1E40 /* BagiratabButton.swift */; };
		F9BCDA9B2C2D5EE200EE1E40 /* Recognizer.swift in Sources */ = {isa = PBXBuildFile; fileRef = F9BCDA9A2C2D5EE200EE1E40 /* Recognizer.swift */; };
		F9BCDA9D2C2D6F5300EE1E40 /* Item.swift in Sources */ = {isa = PBXBuildFile; fileRef = F9BCDA9C2C2D6F5300EE1E40 /* Item.swift */; };
/* End PBXBuildFile section */

/* Begin PBXFileReference section */
		F91E774D2C2C794100AF877B /* Bagirata.app */ = {isa = PBXFileReference; explicitFileType = wrapper.application; includeInIndex = 0; path = Bagirata.app; sourceTree = BUILT_PRODUCTS_DIR; };
		F91E77502C2C794100AF877B /* BagirataApp.swift */ = {isa = PBXFileReference; lastKnownFileType = sourcecode.swift; path = BagirataApp.swift; sourceTree = "<group>"; };
		F91E77522C2C794100AF877B /* ContentView.swift */ = {isa = PBXFileReference; lastKnownFileType = sourcecode.swift; path = ContentView.swift; sourceTree = "<group>"; };
		F91E77562C2C794300AF877B /* Assets.xcassets */ = {isa = PBXFileReference; lastKnownFileType = folder.assetcatalog; path = Assets.xcassets; sourceTree = "<group>"; };
		F91E77592C2C794300AF877B /* Preview Assets.xcassets */ = {isa = PBXFileReference; lastKnownFileType = folder.assetcatalog; path = "Preview Assets.xcassets"; sourceTree = "<group>"; };
		F91E77612C2C7AF700AF877B /* Friend.swift */ = {isa = PBXFileReference; lastKnownFileType = sourcecode.swift; path = Friend.swift; sourceTree = "<group>"; };
		F91E77662C2C897400AF877B /* InputText.swift */ = {isa = PBXFileReference; lastKnownFileType = sourcecode.swift; path = InputText.swift; sourceTree = "<group>"; };
		F91E77682C2C8FA500AF877B /* FriendView.swift */ = {isa = PBXFileReference; lastKnownFileType = sourcecode.swift; path = FriendView.swift; sourceTree = "<group>"; };
		F91E776A2C2C907000AF877B /* HistoryView.swift */ = {isa = PBXFileReference; lastKnownFileType = sourcecode.swift; path = HistoryView.swift; sourceTree = "<group>"; };
		F94B5FB22C330D3D00919C04 /* Info.plist */ = {isa = PBXFileReference; lastKnownFileType = text.plist; path = Info.plist; sourceTree = "<group>"; };
		F95BC2082C2F22B500A86CAE /* EditFriend.swift */ = {isa = PBXFileReference; lastKnownFileType = sourcecode.swift; path = EditFriend.swift; sourceTree = "<group>"; };
		F96A0A972C2EAEAD00A0EFA9 /* BagirataAvatarGroup.swift */ = {isa = PBXFileReference; lastKnownFileType = sourcecode.swift; path = BagirataAvatarGroup.swift; sourceTree = "<group>"; };
		F96A0A9A2C2F145800A0EFA9 /* AddFriend.swift */ = {isa = PBXFileReference; lastKnownFileType = sourcecode.swift; path = AddFriend.swift; sourceTree = "<group>"; };
		F96A0A9C2C2F15FD00A0EFA9 /* Color.swift */ = {isa = PBXFileReference; lastKnownFileType = sourcecode.swift; path = Color.swift; sourceTree = "<group>"; };
		F9705BED2C2D7F5E0057D419 /* Formatter.swift */ = {isa = PBXFileReference; lastKnownFileType = sourcecode.swift; path = Formatter.swift; sourceTree = "<group>"; };
		F9705BEF2C2DBCBF0057D419 /* Scan.swift */ = {isa = PBXFileReference; lastKnownFileType = sourcecode.swift; path = Scan.swift; sourceTree = "<group>"; };
		F9705BF12C2DBDBC0057D419 /* ScannerView.swift */ = {isa = PBXFileReference; lastKnownFileType = sourcecode.swift; path = ScannerView.swift; sourceTree = "<group>"; };
		F9705BF32C2DC0150057D419 /* TextRecognizer.swift */ = {isa = PBXFileReference; lastKnownFileType = sourcecode.swift; path = TextRecognizer.swift; sourceTree = "<group>"; };
		F9705BF52C2E59420057D419 /* Split.swift */ = {isa = PBXFileReference; lastKnownFileType = sourcecode.swift; path = Split.swift; sourceTree = "<group>"; };
		F9705BF72C2E5C650057D419 /* ScanResultView.swift */ = {isa = PBXFileReference; lastKnownFileType = sourcecode.swift; path = ScanResultView.swift; sourceTree = "<group>"; };
		F9BCDA8F2C2D159400EE1E40 /* BagirataAvatar.swift */ = {isa = PBXFileReference; lastKnownFileType = sourcecode.swift; path = BagirataAvatar.swift; sourceTree = "<group>"; };
		F9BCDA912C2D18D000EE1E40 /* ColorGen.swift */ = {isa = PBXFileReference; lastKnownFileType = sourcecode.swift; path = ColorGen.swift; sourceTree = "<group>"; };
		F9BCDA932C2D428C00EE1E40 /* BagiraTab.swift */ = {isa = PBXFileReference; lastKnownFileType = sourcecode.swift; path = BagiraTab.swift; sourceTree = "<group>"; };
		F9BCDA962C2D49D800EE1E40 /* BagiratabButton.swift */ = {isa = PBXFileReference; lastKnownFileType = sourcecode.swift; path = BagiratabButton.swift; sourceTree = "<group>"; };
		F9BCDA9A2C2D5EE200EE1E40 /* Recognizer.swift */ = {isa = PBXFileReference; lastKnownFileType = sourcecode.swift; path = Recognizer.swift; sourceTree = "<group>"; };
		F9BCDA9C2C2D6F5300EE1E40 /* Item.swift */ = {isa = PBXFileReference; lastKnownFileType = sourcecode.swift; path = Item.swift; sourceTree = "<group>"; };
/* End PBXFileReference section */

/* Begin PBXFrameworksBuildPhase section */
		F91E774A2C2C794100AF877B /* Frameworks */ = {
			isa = PBXFrameworksBuildPhase;
			buildActionMask = 2147483647;
			files = (
				F9BCDA8E2C2D0FD100EE1E40 /* InitialsUI in Frameworks */,
			);
			runOnlyForDeploymentPostprocessing = 0;
		};
/* End PBXFrameworksBuildPhase section */

/* Begin PBXGroup section */
		F91E77442C2C794100AF877B = {
			isa = PBXGroup;
			children = (
				F91E774F2C2C794100AF877B /* Bagirata */,
				F91E774E2C2C794100AF877B /* Products */,
			);
			sourceTree = "<group>";
		};
		F91E774E2C2C794100AF877B /* Products */ = {
			isa = PBXGroup;
			children = (
				F91E774D2C2C794100AF877B /* Bagirata.app */,
			);
			name = Products;
			sourceTree = "<group>";
		};
		F91E774F2C2C794100AF877B /* Bagirata */ = {
			isa = PBXGroup;
			children = (
				F94B5FB22C330D3D00919C04 /* Info.plist */,
				F91E77652C2C896100AF877B /* Extension */,
				F91E77602C2C7AE400AF877B /* Model */,
				F96A0A992C2F143500A0EFA9 /* Sheet */,
				F91E77502C2C794100AF877B /* BagirataApp.swift */,
				F91E77522C2C794100AF877B /* ContentView.swift */,
				F9705BF72C2E5C650057D419 /* ScanResultView.swift */,
				F9705BF12C2DBDBC0057D419 /* ScannerView.swift */,
				F9705BF32C2DC0150057D419 /* TextRecognizer.swift */,
				F91E776A2C2C907000AF877B /* HistoryView.swift */,
				F91E77682C2C8FA500AF877B /* FriendView.swift */,
				F91E77562C2C794300AF877B /* Assets.xcassets */,
				F91E77582C2C794300AF877B /* Preview Content */,
			);
			path = Bagirata;
			sourceTree = "<group>";
		};
		F91E77582C2C794300AF877B /* Preview Content */ = {
			isa = PBXGroup;
			children = (
				F91E77592C2C794300AF877B /* Preview Assets.xcassets */,
			);
			path = "Preview Content";
			sourceTree = "<group>";
		};
		F91E77602C2C7AE400AF877B /* Model */ = {
			isa = PBXGroup;
			children = (
				F91E77612C2C7AF700AF877B /* Friend.swift */,
				F9BCDA9C2C2D6F5300EE1E40 /* Item.swift */,
				F9705BEF2C2DBCBF0057D419 /* Scan.swift */,
				F9705BF52C2E59420057D419 /* Split.swift */,
			);
			path = Model;
			sourceTree = "<group>";
		};
		F91E77652C2C896100AF877B /* Extension */ = {
			isa = PBXGroup;
			children = (
				F9BCDA952C2D49C000EE1E40 /* Bagiratab */,
				F91E77662C2C897400AF877B /* InputText.swift */,
				F9BCDA8F2C2D159400EE1E40 /* BagirataAvatar.swift */,
				F96A0A972C2EAEAD00A0EFA9 /* BagirataAvatarGroup.swift */,
				F9BCDA912C2D18D000EE1E40 /* ColorGen.swift */,
				F9BCDA9A2C2D5EE200EE1E40 /* Recognizer.swift */,
				F9705BED2C2D7F5E0057D419 /* Formatter.swift */,
				F96A0A9C2C2F15FD00A0EFA9 /* Color.swift */,
			);
			path = Extension;
			sourceTree = "<group>";
		};
		F96A0A992C2F143500A0EFA9 /* Sheet */ = {
			isa = PBXGroup;
			children = (
				F96A0A9A2C2F145800A0EFA9 /* AddFriend.swift */,
				F95BC2082C2F22B500A86CAE /* EditFriend.swift */,
			);
			path = Sheet;
			sourceTree = "<group>";
		};
		F9BCDA952C2D49C000EE1E40 /* Bagiratab */ = {
			isa = PBXGroup;
			children = (
				F9BCDA932C2D428C00EE1E40 /* BagiraTab.swift */,
				F9BCDA962C2D49D800EE1E40 /* BagiratabButton.swift */,
			);
			path = Bagiratab;
			sourceTree = "<group>";
		};
/* End PBXGroup section */

/* Begin PBXNativeTarget section */
		F91E774C2C2C794100AF877B /* Bagirata */ = {
			isa = PBXNativeTarget;
			buildConfigurationList = F91E775D2C2C794300AF877B /* Build configuration list for PBXNativeTarget "Bagirata" */;
			buildPhases = (
				F91E77492C2C794100AF877B /* Sources */,
				F91E774A2C2C794100AF877B /* Frameworks */,
				F91E774B2C2C794100AF877B /* Resources */,
			);
			buildRules = (
			);
			dependencies = (
			);
			name = Bagirata;
			packageProductDependencies = (
				F9BCDA8D2C2D0FD100EE1E40 /* InitialsUI */,
			);
			productName = Bagirata;
			productReference = F91E774D2C2C794100AF877B /* Bagirata.app */;
			productType = "com.apple.product-type.application";
		};
/* End PBXNativeTarget section */

/* Begin PBXProject section */
		F91E77452C2C794100AF877B /* Project object */ = {
			isa = PBXProject;
			attributes = {
				BuildIndependentTargetsInParallel = 1;
				LastSwiftUpdateCheck = 1540;
				LastUpgradeCheck = 1540;
				TargetAttributes = {
					F91E774C2C2C794100AF877B = {
						CreatedOnToolsVersion = 15.4;
					};
				};
			};
			buildConfigurationList = F91E77482C2C794100AF877B /* Build configuration list for PBXProject "Bagirata" */;
			compatibilityVersion = "Xcode 14.0";
			developmentRegion = en;
			hasScannedForEncodings = 0;
			knownRegions = (
				en,
				Base,
			);
			mainGroup = F91E77442C2C794100AF877B;
			packageReferences = (
				F9BCDA8C2C2D0FD100EE1E40 /* XCRemoteSwiftPackageReference "InitialsUI" */,
			);
			productRefGroup = F91E774E2C2C794100AF877B /* Products */;
			projectDirPath = "";
			projectRoot = "";
			targets = (
				F91E774C2C2C794100AF877B /* Bagirata */,
			);
		};
/* End PBXProject section */

/* Begin PBXResourcesBuildPhase section */
		F91E774B2C2C794100AF877B /* Resources */ = {
			isa = PBXResourcesBuildPhase;
			buildActionMask = 2147483647;
			files = (
				F91E775A2C2C794300AF877B /* Preview Assets.xcassets in Resources */,
				F91E77572C2C794300AF877B /* Assets.xcassets in Resources */,
			);
			runOnlyForDeploymentPostprocessing = 0;
		};
/* End PBXResourcesBuildPhase section */

/* Begin PBXSourcesBuildPhase section */
		F91E77492C2C794100AF877B /* Sources */ = {
			isa = PBXSourcesBuildPhase;
			buildActionMask = 2147483647;
			files = (
				F91E77532C2C794100AF877B /* ContentView.swift in Sources */,
				F9705BF22C2DBDBC0057D419 /* ScannerView.swift in Sources */,
				F96A0A9B2C2F145800A0EFA9 /* AddFriend.swift in Sources */,
				F9BCDA902C2D159400EE1E40 /* BagirataAvatar.swift in Sources */,
				F91E77512C2C794100AF877B /* BagirataApp.swift in Sources */,
				F9BCDA9B2C2D5EE200EE1E40 /* Recognizer.swift in Sources */,
				F91E77672C2C897400AF877B /* InputText.swift in Sources */,
				F9BCDA942C2D428C00EE1E40 /* BagiraTab.swift in Sources */,
				F9BCDA9D2C2D6F5300EE1E40 /* Item.swift in Sources */,
				F91E776B2C2C907000AF877B /* HistoryView.swift in Sources */,
				F95BC2092C2F22B500A86CAE /* EditFriend.swift in Sources */,
				F9705BF62C2E59420057D419 /* Split.swift in Sources */,
				F91E77692C2C8FA500AF877B /* FriendView.swift in Sources */,
				F96A0A9D2C2F15FD00A0EFA9 /* Color.swift in Sources */,
				F9705BEE2C2D7F5E0057D419 /* Formatter.swift in Sources */,
				F9705BF82C2E5C650057D419 /* ScanResultView.swift in Sources */,
				F9705BF02C2DBCBF0057D419 /* Scan.swift in Sources */,
				F96A0A982C2EAEAD00A0EFA9 /* BagirataAvatarGroup.swift in Sources */,
				F9705BF42C2DC0150057D419 /* TextRecognizer.swift in Sources */,
				F9BCDA972C2D49D800EE1E40 /* BagiratabButton.swift in Sources */,
				F91E77622C2C7AF700AF877B /* Friend.swift in Sources */,
				F9BCDA922C2D18D000EE1E40 /* ColorGen.swift in Sources */,
			);
			runOnlyForDeploymentPostprocessing = 0;
		};
/* End PBXSourcesBuildPhase section */

/* Begin XCBuildConfiguration section */
		F91E775B2C2C794300AF877B /* Debug */ = {
			isa = XCBuildConfiguration;
			buildSettings = {
				ALWAYS_SEARCH_USER_PATHS = NO;
				ASSETCATALOG_COMPILER_GENERATE_SWIFT_ASSET_SYMBOL_EXTENSIONS = YES;
				CLANG_ANALYZER_NONNULL = YES;
				CLANG_ANALYZER_NUMBER_OBJECT_CONVERSION = YES_AGGRESSIVE;
				CLANG_CXX_LANGUAGE_STANDARD = "gnu++20";
				CLANG_ENABLE_MODULES = YES;
				CLANG_ENABLE_OBJC_ARC = YES;
				CLANG_ENABLE_OBJC_WEAK = YES;
				CLANG_WARN_BLOCK_CAPTURE_AUTORELEASING = YES;
				CLANG_WARN_BOOL_CONVERSION = YES;
				CLANG_WARN_COMMA = YES;
				CLANG_WARN_CONSTANT_CONVERSION = YES;
				CLANG_WARN_DEPRECATED_OBJC_IMPLEMENTATIONS = YES;
				CLANG_WARN_DIRECT_OBJC_ISA_USAGE = YES_ERROR;
				CLANG_WARN_DOCUMENTATION_COMMENTS = YES;
				CLANG_WARN_EMPTY_BODY = YES;
				CLANG_WARN_ENUM_CONVERSION = YES;
				CLANG_WARN_INFINITE_RECURSION = YES;
				CLANG_WARN_INT_CONVERSION = YES;
				CLANG_WARN_NON_LITERAL_NULL_CONVERSION = YES;
				CLANG_WARN_OBJC_IMPLICIT_RETAIN_SELF = YES;
				CLANG_WARN_OBJC_LITERAL_CONVERSION = YES;
				CLANG_WARN_OBJC_ROOT_CLASS = YES_ERROR;
				CLANG_WARN_QUOTED_INCLUDE_IN_FRAMEWORK_HEADER = YES;
				CLANG_WARN_RANGE_LOOP_ANALYSIS = YES;
				CLANG_WARN_STRICT_PROTOTYPES = YES;
				CLANG_WARN_SUSPICIOUS_MOVE = YES;
				CLANG_WARN_UNGUARDED_AVAILABILITY = YES_AGGRESSIVE;
				CLANG_WARN_UNREACHABLE_CODE = YES;
				CLANG_WARN__DUPLICATE_METHOD_MATCH = YES;
				COPY_PHASE_STRIP = NO;
				DEBUG_INFORMATION_FORMAT = dwarf;
				ENABLE_STRICT_OBJC_MSGSEND = YES;
				ENABLE_TESTABILITY = YES;
				ENABLE_USER_SCRIPT_SANDBOXING = YES;
				GCC_C_LANGUAGE_STANDARD = gnu17;
				GCC_DYNAMIC_NO_PIC = NO;
				GCC_NO_COMMON_BLOCKS = YES;
				GCC_OPTIMIZATION_LEVEL = 0;
				GCC_PREPROCESSOR_DEFINITIONS = (
					"DEBUG=1",
					"$(inherited)",
				);
				GCC_WARN_64_TO_32_BIT_CONVERSION = YES;
				GCC_WARN_ABOUT_RETURN_TYPE = YES_ERROR;
				GCC_WARN_UNDECLARED_SELECTOR = YES;
				GCC_WARN_UNINITIALIZED_AUTOS = YES_AGGRESSIVE;
				GCC_WARN_UNUSED_FUNCTION = YES;
				GCC_WARN_UNUSED_VARIABLE = YES;
				IPHONEOS_DEPLOYMENT_TARGET = 17.5;
				LOCALIZATION_PREFERS_STRING_CATALOGS = YES;
				MTL_ENABLE_DEBUG_INFO = INCLUDE_SOURCE;
				MTL_FAST_MATH = YES;
				ONLY_ACTIVE_ARCH = YES;
				SDKROOT = iphoneos;
				SWIFT_ACTIVE_COMPILATION_CONDITIONS = "DEBUG $(inherited)";
				SWIFT_OPTIMIZATION_LEVEL = "-Onone";
			};
			name = Debug;
		};
		F91E775C2C2C794300AF877B /* Release */ = {
			isa = XCBuildConfiguration;
			buildSettings = {
				ALWAYS_SEARCH_USER_PATHS = NO;
				ASSETCATALOG_COMPILER_GENERATE_SWIFT_ASSET_SYMBOL_EXTENSIONS = YES;
				CLANG_ANALYZER_NONNULL = YES;
				CLANG_ANALYZER_NUMBER_OBJECT_CONVERSION = YES_AGGRESSIVE;
				CLANG_CXX_LANGUAGE_STANDARD = "gnu++20";
				CLANG_ENABLE_MODULES = YES;
				CLANG_ENABLE_OBJC_ARC = YES;
				CLANG_ENABLE_OBJC_WEAK = YES;
				CLANG_WARN_BLOCK_CAPTURE_AUTORELEASING = YES;
				CLANG_WARN_BOOL_CONVERSION = YES;
				CLANG_WARN_COMMA = YES;
				CLANG_WARN_CONSTANT_CONVERSION = YES;
				CLANG_WARN_DEPRECATED_OBJC_IMPLEMENTATIONS = YES;
				CLANG_WARN_DIRECT_OBJC_ISA_USAGE = YES_ERROR;
				CLANG_WARN_DOCUMENTATION_COMMENTS = YES;
				CLANG_WARN_EMPTY_BODY = YES;
				CLANG_WARN_ENUM_CONVERSION = YES;
				CLANG_WARN_INFINITE_RECURSION = YES;
				CLANG_WARN_INT_CONVERSION = YES;
				CLANG_WARN_NON_LITERAL_NULL_CONVERSION = YES;
				CLANG_WARN_OBJC_IMPLICIT_RETAIN_SELF = YES;
				CLANG_WARN_OBJC_LITERAL_CONVERSION = YES;
				CLANG_WARN_OBJC_ROOT_CLASS = YES_ERROR;
				CLANG_WARN_QUOTED_INCLUDE_IN_FRAMEWORK_HEADER = YES;
				CLANG_WARN_RANGE_LOOP_ANALYSIS = YES;
				CLANG_WARN_STRICT_PROTOTYPES = YES;
				CLANG_WARN_SUSPICIOUS_MOVE = YES;
				CLANG_WARN_UNGUARDED_AVAILABILITY = YES_AGGRESSIVE;
				CLANG_WARN_UNREACHABLE_CODE = YES;
				CLANG_WARN__DUPLICATE_METHOD_MATCH = YES;
				COPY_PHASE_STRIP = NO;
				DEBUG_INFORMATION_FORMAT = "dwarf-with-dsym";
				ENABLE_NS_ASSERTIONS = NO;
				ENABLE_STRICT_OBJC_MSGSEND = YES;
				ENABLE_USER_SCRIPT_SANDBOXING = YES;
				GCC_C_LANGUAGE_STANDARD = gnu17;
				GCC_NO_COMMON_BLOCKS = YES;
				GCC_WARN_64_TO_32_BIT_CONVERSION = YES;
				GCC_WARN_ABOUT_RETURN_TYPE = YES_ERROR;
				GCC_WARN_UNDECLARED_SELECTOR = YES;
				GCC_WARN_UNINITIALIZED_AUTOS = YES_AGGRESSIVE;
				GCC_WARN_UNUSED_FUNCTION = YES;
				GCC_WARN_UNUSED_VARIABLE = YES;
				IPHONEOS_DEPLOYMENT_TARGET = 17.5;
				LOCALIZATION_PREFERS_STRING_CATALOGS = YES;
				MTL_ENABLE_DEBUG_INFO = NO;
				MTL_FAST_MATH = YES;
				SDKROOT = iphoneos;
				SWIFT_COMPILATION_MODE = wholemodule;
				VALIDATE_PRODUCT = YES;
			};
			name = Release;
		};
		F91E775E2C2C794300AF877B /* Debug */ = {
			isa = XCBuildConfiguration;
			buildSettings = {
				ASSETCATALOG_COMPILER_APPICON_NAME = AppIcon;
				ASSETCATALOG_COMPILER_GLOBAL_ACCENT_COLOR_NAME = AccentColor;
				CODE_SIGN_STYLE = Automatic;
				CURRENT_PROJECT_VERSION = 1;
				DEVELOPMENT_ASSET_PATHS = "\"Bagirata/Preview Content\"";
				DEVELOPMENT_TEAM = V8532TS6AU;
				ENABLE_PREVIEWS = YES;
				GENERATE_INFOPLIST_FILE = YES;
				INFOPLIST_FILE = Bagirata/Info.plist;
				INFOPLIST_KEY_CFBundleDisplayName = bagirata;
				INFOPLIST_KEY_LSApplicationCategoryType = "public.app-category.finance";
				INFOPLIST_KEY_NSCameraUsageDescription = "Bagirata would like to use your camera to scan document. ";
				INFOPLIST_KEY_UIApplicationSceneManifest_Generation = YES;
				INFOPLIST_KEY_UIApplicationSupportsIndirectInputEvents = YES;
				INFOPLIST_KEY_UILaunchScreen_Generation = YES;
				INFOPLIST_KEY_UILaunchStoryboardName = s;
				INFOPLIST_KEY_UISupportedInterfaceOrientations_iPad = "UIInterfaceOrientationPortrait UIInterfaceOrientationPortraitUpsideDown UIInterfaceOrientationLandscapeLeft UIInterfaceOrientationLandscapeRight";
				INFOPLIST_KEY_UISupportedInterfaceOrientations_iPhone = "UIInterfaceOrientationPortrait UIInterfaceOrientationLandscapeLeft UIInterfaceOrientationLandscapeRight";
				LD_RUNPATH_SEARCH_PATHS = (
					"$(inherited)",
					"@executable_path/Frameworks",
				);
				MARKETING_VERSION = 1.0;
				PRODUCT_BUNDLE_IDENTIFIER = keepgoing.Bagirata;
				PRODUCT_NAME = "$(TARGET_NAME)";
				SWIFT_EMIT_LOC_STRINGS = YES;
				SWIFT_VERSION = 5.0;
				TARGETED_DEVICE_FAMILY = "1,2";
			};
			name = Debug;
		};
		F91E775F2C2C794300AF877B /* Release */ = {
			isa = XCBuildConfiguration;
			buildSettings = {
				ASSETCATALOG_COMPILER_APPICON_NAME = AppIcon;
				ASSETCATALOG_COMPILER_GLOBAL_ACCENT_COLOR_NAME = AccentColor;
				CODE_SIGN_STYLE = Automatic;
				CURRENT_PROJECT_VERSION = 1;
				DEVELOPMENT_ASSET_PATHS = "\"Bagirata/Preview Content\"";
				DEVELOPMENT_TEAM = V8532TS6AU;
				ENABLE_PREVIEWS = YES;
				GENERATE_INFOPLIST_FILE = YES;
				INFOPLIST_FILE = Bagirata/Info.plist;
				INFOPLIST_KEY_CFBundleDisplayName = bagirata;
				INFOPLIST_KEY_LSApplicationCategoryType = "public.app-category.finance";
				INFOPLIST_KEY_NSCameraUsageDescription = "Bagirata would like to use your camera to scan document. ";
				INFOPLIST_KEY_UIApplicationSceneManifest_Generation = YES;
				INFOPLIST_KEY_UIApplicationSupportsIndirectInputEvents = YES;
				INFOPLIST_KEY_UILaunchScreen_Generation = YES;
				INFOPLIST_KEY_UILaunchStoryboardName = s;
				INFOPLIST_KEY_UISupportedInterfaceOrientations_iPad = "UIInterfaceOrientationPortrait UIInterfaceOrientationPortraitUpsideDown UIInterfaceOrientationLandscapeLeft UIInterfaceOrientationLandscapeRight";
				INFOPLIST_KEY_UISupportedInterfaceOrientations_iPhone = "UIInterfaceOrientationPortrait UIInterfaceOrientationLandscapeLeft UIInterfaceOrientationLandscapeRight";
				LD_RUNPATH_SEARCH_PATHS = (
					"$(inherited)",
					"@executable_path/Frameworks",
				);
				MARKETING_VERSION = 1.0;
				PRODUCT_BUNDLE_IDENTIFIER = keepgoing.Bagirata;
				PRODUCT_NAME = "$(TARGET_NAME)";
				SWIFT_EMIT_LOC_STRINGS = YES;
				SWIFT_VERSION = 5.0;
				TARGETED_DEVICE_FAMILY = "1,2";
			};
			name = Release;
		};
/* End XCBuildConfiguration section */

/* Begin XCConfigurationList section */
		F91E77482C2C794100AF877B /* Build configuration list for PBXProject "Bagirata" */ = {
			isa = XCConfigurationList;
			buildConfigurations = (
				F91E775B2C2C794300AF877B /* Debug */,
				F91E775C2C2C794300AF877B /* Release */,
			);
			defaultConfigurationIsVisible = 0;
			defaultConfigurationName = Release;
		};
		F91E775D2C2C794300AF877B /* Build configuration list for PBXNativeTarget "Bagirata" */ = {
			isa = XCConfigurationList;
			buildConfigurations = (
				F91E775E2C2C794300AF877B /* Debug */,
				F91E775F2C2C794300AF877B /* Release */,
			);
			defaultConfigurationIsVisible = 0;
			defaultConfigurationName = Release;
		};
/* End XCConfigurationList section */

/* Begin XCRemoteSwiftPackageReference section */
		F9BCDA8C2C2D0FD100EE1E40 /* XCRemoteSwiftPackageReference "InitialsUI" */ = {
			isa = XCRemoteSwiftPackageReference;
			repositoryURL = "https://github.com/lovetodream/InitialsUI";
			requirement = {
				branch = main;
				kind = branch;
			};
		};
/* End XCRemoteSwiftPackageReference section */

/* Begin XCSwiftPackageProductDependency section */
		F9BCDA8D2C2D0FD100EE1E40 /* InitialsUI */ = {
			isa = XCSwiftPackageProductDependency;
			package = F9BCDA8C2C2D0FD100EE1E40 /* XCRemoteSwiftPackageReference "InitialsUI" */;
			productName = InitialsUI;
		};
/* End XCSwiftPackageProductDependency section */
	};
	rootObject = F91E77452C2C794100AF877B /* Project object */;
}
